
Microsoft Visual Studio Solution File, Format Version 12.00
# Visual Studio Version 17
VisualStudioVersion = 17.8.34316.72
MinimumVisualStudioVersion = 10.0.40219.1
Project("{FAE04EC0-301F-11D3-BF4B-00C04F79EFBC}") = "EasyTours", "EasyTours\EasyTours.csproj", "{C3B0B6D3-57FA-492B-8651-8783C1C68B7F}"
EndProject
Global
	GlobalSection(SolutionConfigurationPlatforms) = preSolution
		Debug|Any CPU = Debug|Any CPU
		Release|Any CPU = Release|Any CPU
	EndGlobalSection
	GlobalSection(ProjectConfigurationPlatforms) = postSolution
		{C3B0B6D3-57FA-492B-8651-8783C1C68B7F}.Debug|Any CPU.ActiveCfg = Debug|Any CPU
		{C3B0B6D3-57FA-492B-8651-8783C1C68B7F}.Debug|Any CPU.Build.0 = Debug|Any CPU
		{C3B0B6D3-57FA-492B-8651-8783C1C68B7F}.Release|Any CPU.ActiveCfg = Release|Any CPU
		{C3B0B6D3-57FA-492B-8651-8783C1C68B7F}.Release|Any CPU.Build.0 = Release|Any CPU
	EndGlobalSection
	GlobalSection(SolutionProperties) = preSolution
		HideSolutionNode = FALSE
	EndGlobalSection
	GlobalSection(ExtensibilityGlobals) = postSolution
		SolutionGuid = {B399A321-4D4D-40A7-BD81-251FDDC97F19}
	EndGlobalSection
EndGlobal
